// !$*UTF8*$!
{
	archiveVersion = 1;
	classes = {
	};
	objectVersion = 56;
	objects = {

/* Begin PBXBuildFile section */
		FB3488A32B91BE7E00C604E5 /* AppDelegate.swift in Sources */ = {isa = PBXBuildFile; fileRef = FB3488A22B91BE7E00C604E5 /* AppDelegate.swift */; };
		FB3488A52B91BE7E00C604E5 /* SceneDelegate.swift in Sources */ = {isa = PBXBuildFile; fileRef = FB3488A42B91BE7E00C604E5 /* SceneDelegate.swift */; };
		FB3488A72B91BE7E00C604E5 /* ViewController.swift in Sources */ = {isa = PBXBuildFile; fileRef = FB3488A62B91BE7E00C604E5 /* ViewController.swift */; };
		FB3488AA2B91BE7E00C604E5 /* Main.storyboard in Resources */ = {isa = PBXBuildFile; fileRef = FB3488A82B91BE7E00C604E5 /* Main.storyboard */; };
		FB3488AD2B91BE7E00C604E5 /* Github_Rest_APi.xcdatamodeld in Sources */ = {isa = PBXBuildFile; fileRef = FB3488AB2B91BE7E00C604E5 /* Github_Rest_APi.xcdatamodeld */; };
		FB3488AF2B91BE7F00C604E5 /* Assets.xcassets in Resources */ = {isa = PBXBuildFile; fileRef = FB3488AE2B91BE7F00C604E5 /* Assets.xcassets */; };
		FB3488B22B91BE7F00C604E5 /* LaunchScreen.storyboard in Resources */ = {isa = PBXBuildFile; fileRef = FB3488B02B91BE7F00C604E5 /* LaunchScreen.storyboard */; };
		FB3488BE2B91BF1A00C604E5 /* Network.swift in Sources */ = {isa = PBXBuildFile; fileRef = FB3488BD2B91BF1A00C604E5 /* Network.swift */; };
		FB3488C22B91BF3B00C604E5 /* Debug.swift in Sources */ = {isa = PBXBuildFile; fileRef = FB3488C12B91BF3B00C604E5 /* Debug.swift */; };
		FB3488C52B91BF5F00C604E5 /* AlerUser.swift in Sources */ = {isa = PBXBuildFile; fileRef = FB3488C42B91BF5F00C604E5 /* AlerUser.swift */; };
		FB3488D22B91C73E00C604E5 /* UIColorHex.swift in Sources */ = {isa = PBXBuildFile; fileRef = FB3488D12B91C73E00C604E5 /* UIColorHex.swift */; };
		FB3488D52B91D9B500C604E5 /* SignInWithPasswordViewController.swift in Sources */ = {isa = PBXBuildFile; fileRef = FB3488D32B91D9B500C604E5 /* SignInWithPasswordViewController.swift */; };
		FB3488D62B91D9B500C604E5 /* SignInWithPasswordViewController.xib in Resources */ = {isa = PBXBuildFile; fileRef = FB3488D42B91D9B500C604E5 /* SignInWithPasswordViewController.xib */; };
		FB3488D82B91DD3C00C604E5 /* GithubModel.swift in Sources */ = {isa = PBXBuildFile; fileRef = FB3488D72B91DD3C00C604E5 /* GithubModel.swift */; };
		FB3488DA2B91DE2200C604E5 /* APIConstant.swift in Sources */ = {isa = PBXBuildFile; fileRef = FB3488D92B91DE2200C604E5 /* APIConstant.swift */; };
		FB3488DD2B91E96000C604E5 /* UserProfileViewController.swift in Sources */ = {isa = PBXBuildFile; fileRef = FB3488DB2B91E96000C604E5 /* UserProfileViewController.swift */; };
		FB3488DE2B91E96000C604E5 /* UserProfileViewController.xib in Resources */ = {isa = PBXBuildFile; fileRef = FB3488DC2B91E96000C604E5 /* UserProfileViewController.xib */; };
		FB3488E02B91F2A500C604E5 /* UIImage+Extenstion.swift in Sources */ = {isa = PBXBuildFile; fileRef = FB3488DF2B91F2A500C604E5 /* UIImage+Extenstion.swift */; };
/* End PBXBuildFile section */

/* Begin PBXFileReference section */
		FB34889F2B91BE7E00C604E5 /* Github Rest APi.app */ = {isa = PBXFileReference; explicitFileType = wrapper.application; includeInIndex = 0; path = "Github Rest APi.app"; sourceTree = BUILT_PRODUCTS_DIR; };
		FB3488A22B91BE7E00C604E5 /* AppDelegate.swift */ = {isa = PBXFileReference; lastKnownFileType = sourcecode.swift; path = AppDelegate.swift; sourceTree = "<group>"; };
		FB3488A42B91BE7E00C604E5 /* SceneDelegate.swift */ = {isa = PBXFileReference; lastKnownFileType = sourcecode.swift; path = SceneDelegate.swift; sourceTree = "<group>"; };
		FB3488A62B91BE7E00C604E5 /* ViewController.swift */ = {isa = PBXFileReference; lastKnownFileType = sourcecode.swift; path = ViewController.swift; sourceTree = "<group>"; };
		FB3488A92B91BE7E00C604E5 /* Base */ = {isa = PBXFileReference; lastKnownFileType = file.storyboard; name = Base; path = Base.lproj/Main.storyboard; sourceTree = "<group>"; };
		FB3488AC2B91BE7E00C604E5 /* Github_Rest_APi.xcdatamodel */ = {isa = PBXFileReference; lastKnownFileType = wrapper.xcdatamodel; path = Github_Rest_APi.xcdatamodel; sourceTree = "<group>"; };
		FB3488AE2B91BE7F00C604E5 /* Assets.xcassets */ = {isa = PBXFileReference; lastKnownFileType = folder.assetcatalog; path = Assets.xcassets; sourceTree = "<group>"; };
		FB3488B12B91BE7F00C604E5 /* Base */ = {isa = PBXFileReference; lastKnownFileType = file.storyboard; name = Base; path = Base.lproj/LaunchScreen.storyboard; sourceTree = "<group>"; };
		FB3488B32B91BE7F00C604E5 /* Info.plist */ = {isa = PBXFileReference; lastKnownFileType = text.plist.xml; path = Info.plist; sourceTree = "<group>"; };
		FB3488BD2B91BF1A00C604E5 /* Network.swift */ = {isa = PBXFileReference; fileEncoding = 4; lastKnownFileType = sourcecode.swift; path = Network.swift; sourceTree = "<group>"; };
		FB3488C12B91BF3B00C604E5 /* Debug.swift */ = {isa = PBXFileReference; lastKnownFileType = sourcecode.swift; path = Debug.swift; sourceTree = "<group>"; };
		FB3488C42B91BF5F00C604E5 /* AlerUser.swift */ = {isa = PBXFileReference; fileEncoding = 4; lastKnownFileType = sourcecode.swift; path = AlerUser.swift; sourceTree = "<group>"; };
		FB3488D12B91C73E00C604E5 /* UIColorHex.swift */ = {isa = PBXFileReference; lastKnownFileType = sourcecode.swift; path = UIColorHex.swift; sourceTree = "<group>"; };
		FB3488D32B91D9B500C604E5 /* SignInWithPasswordViewController.swift */ = {isa = PBXFileReference; lastKnownFileType = sourcecode.swift; path = SignInWithPasswordViewController.swift; sourceTree = "<group>"; };
		FB3488D42B91D9B500C604E5 /* SignInWithPasswordViewController.xib */ = {isa = PBXFileReference; lastKnownFileType = file.xib; path = SignInWithPasswordViewController.xib; sourceTree = "<group>"; };
		FB3488D72B91DD3C00C604E5 /* GithubModel.swift */ = {isa = PBXFileReference; lastKnownFileType = sourcecode.swift; path = GithubModel.swift; sourceTree = "<group>"; };
		FB3488D92B91DE2200C604E5 /* APIConstant.swift */ = {isa = PBXFileReference; fileEncoding = 4; lastKnownFileType = sourcecode.swift; path = APIConstant.swift; sourceTree = "<group>"; };
		FB3488DB2B91E96000C604E5 /* UserProfileViewController.swift */ = {isa = PBXFileReference; lastKnownFileType = sourcecode.swift; path = UserProfileViewController.swift; sourceTree = "<group>"; };
		FB3488DC2B91E96000C604E5 /* UserProfileViewController.xib */ = {isa = PBXFileReference; lastKnownFileType = file.xib; path = UserProfileViewController.xib; sourceTree = "<group>"; };
		FB3488DF2B91F2A500C604E5 /* UIImage+Extenstion.swift */ = {isa = PBXFileReference; fileEncoding = 4; lastKnownFileType = sourcecode.swift; path = "UIImage+Extenstion.swift"; sourceTree = "<group>"; };
/* End PBXFileReference section */

/* Begin PBXFrameworksBuildPhase section */
		FB34889C2B91BE7E00C604E5 /* Frameworks */ = {
			isa = PBXFrameworksBuildPhase;
			buildActionMask = 2147483647;
			files = (
			);
			runOnlyForDeploymentPostprocessing = 0;
		};
/* End PBXFrameworksBuildPhase section */

/* Begin PBXGroup section */
		FB3488962B91BE7E00C604E5 = {
			isa = PBXGroup;
			children = (
				FB3488A12B91BE7E00C604E5 /* Github Rest APi */,
				FB3488A02B91BE7E00C604E5 /* Products */,
			);
			sourceTree = "<group>";
		};
		FB3488A02B91BE7E00C604E5 /* Products */ = {
			isa = PBXGroup;
			children = (
				FB34889F2B91BE7E00C604E5 /* Github Rest APi.app */,
			);
			name = Products;
			sourceTree = "<group>";
		};
		FB3488A12B91BE7E00C604E5 /* Github Rest APi */ = {
			isa = PBXGroup;
			children = (
				FB3488CF2B91C01500C604E5 /* CoreData */,
				FB3488CE2B91C00400C604E5 /* AppDelegates */,
				FB3488CB2B91BFE500C604E5 /* Home */,
				FB3488C62B91BFA600C604E5 /* Github */,
				FB3488BA2B91BEE600C604E5 /* Utils */,
				FB3488B92B91BE9B00C604E5 /* Resources */,
			);
			path = "Github Rest APi";
			sourceTree = "<group>";
		};
		FB3488B92B91BE9B00C604E5 /* Resources */ = {
			isa = PBXGroup;
			children = (
				FB3488AE2B91BE7F00C604E5 /* Assets.xcassets */,
				FB3488B32B91BE7F00C604E5 /* Info.plist */,
				FB3488B02B91BE7F00C604E5 /* LaunchScreen.storyboard */,
				FB3488DF2B91F2A500C604E5 /* UIImage+Extenstion.swift */,
			);
			path = Resources;
			sourceTree = "<group>";
		};
		FB3488BA2B91BEE600C604E5 /* Utils */ = {
			isa = PBXGroup;
			children = (
				FB3488D02B91C71C00C604E5 /* UIColorHex */,
				FB3488C32B91BF4600C604E5 /* Debug */,
				FB3488BB2B91BEED00C604E5 /* Network */,
				FB3488BC2B91BEF300C604E5 /* Alert User */,
			);
			path = Utils;
			sourceTree = "<group>";
		};
		FB3488BB2B91BEED00C604E5 /* Network */ = {
			isa = PBXGroup;
			children = (
				FB3488BD2B91BF1A00C604E5 /* Network.swift */,
				FB3488D92B91DE2200C604E5 /* APIConstant.swift */,
			);
			path = Network;
			sourceTree = "<group>";
		};
		FB3488BC2B91BEF300C604E5 /* Alert User */ = {
			isa = PBXGroup;
			children = (
				FB3488C42B91BF5F00C604E5 /* AlerUser.swift */,
			);
			path = "Alert User";
			sourceTree = "<group>";
		};
		FB3488C32B91BF4600C604E5 /* Debug */ = {
			isa = PBXGroup;
			children = (
				FB3488C12B91BF3B00C604E5 /* Debug.swift */,
			);
			path = Debug;
			sourceTree = "<group>";
		};
		FB3488C62B91BFA600C604E5 /* Github */ = {
			isa = PBXGroup;
			children = (
				FB3488CA2B91BFDC00C604E5 /* Model */,
				FB3488C92B91BFD200C604E5 /* View */,
				FB3488C82B91BFC300C604E5 /* Controller */,
			);
			path = Github;
			sourceTree = "<group>";
		};
		FB3488C82B91BFC300C604E5 /* Controller */ = {
			isa = PBXGroup;
			children = (
				FB3488D32B91D9B500C604E5 /* SignInWithPasswordViewController.swift */,
				FB3488DB2B91E96000C604E5 /* UserProfileViewController.swift */,
			);
			path = Controller;
			sourceTree = "<group>";
		};
		FB3488C92B91BFD200C604E5 /* View */ = {
			isa = PBXGroup;
			children = (
				FB3488DC2B91E96000C604E5 /* UserProfileViewController.xib */,
				FB3488D42B91D9B500C604E5 /* SignInWithPasswordViewController.xib */,
			);
			path = View;
			sourceTree = "<group>";
		};
		FB3488CA2B91BFDC00C604E5 /* Model */ = {
			isa = PBXGroup;
			children = (
				FB3488D72B91DD3C00C604E5 /* GithubModel.swift */,
			);
			path = Model;
			sourceTree = "<group>";
		};
		FB3488CB2B91BFE500C604E5 /* Home */ = {
			isa = PBXGroup;
			children = (
				FB3488CD2B91BFF700C604E5 /* View */,
				FB3488CC2B91BFED00C604E5 /* Controller */,
			);
			path = Home;
			sourceTree = "<group>";
		};
		FB3488CC2B91BFED00C604E5 /* Controller */ = {
			isa = PBXGroup;
			children = (
				FB3488A62B91BE7E00C604E5 /* ViewController.swift */,
			);
			path = Controller;
			sourceTree = "<group>";
		};
		FB3488CD2B91BFF700C604E5 /* View */ = {
			isa = PBXGroup;
			children = (
				FB3488A82B91BE7E00C604E5 /* Main.storyboard */,
			);
			path = View;
			sourceTree = "<group>";
		};
		FB3488CE2B91C00400C604E5 /* AppDelegates */ = {
			isa = PBXGroup;
			children = (
				FB3488A42B91BE7E00C604E5 /* SceneDelegate.swift */,
				FB3488A22B91BE7E00C604E5 /* AppDelegate.swift */,
			);
			path = AppDelegates;
			sourceTree = "<group>";
		};
		FB3488CF2B91C01500C604E5 /* CoreData */ = {
			isa = PBXGroup;
			children = (
				FB3488AB2B91BE7E00C604E5 /* Github_Rest_APi.xcdatamodeld */,
			);
			path = CoreData;
			sourceTree = "<group>";
		};
		FB3488D02B91C71C00C604E5 /* UIColorHex */ = {
			isa = PBXGroup;
			children = (
				FB3488D12B91C73E00C604E5 /* UIColorHex.swift */,
			);
			path = UIColorHex;
			sourceTree = "<group>";
		};
/* End PBXGroup section */

/* Begin PBXNativeTarget section */
		FB34889E2B91BE7E00C604E5 /* Github Rest APi */ = {
			isa = PBXNativeTarget;
			buildConfigurationList = FB3488B62B91BE7F00C604E5 /* Build configuration list for PBXNativeTarget "Github Rest APi" */;
			buildPhases = (
				FB34889B2B91BE7E00C604E5 /* Sources */,
				FB34889C2B91BE7E00C604E5 /* Frameworks */,
				FB34889D2B91BE7E00C604E5 /* Resources */,
			);
			buildRules = (
			);
			dependencies = (
			);
			name = "Github Rest APi";
			productName = "Github Rest APi";
			productReference = FB34889F2B91BE7E00C604E5 /* Github Rest APi.app */;
			productType = "com.apple.product-type.application";
		};
/* End PBXNativeTarget section */

/* Begin PBXProject section */
		FB3488972B91BE7E00C604E5 /* Project object */ = {
			isa = PBXProject;
			attributes = {
				BuildIndependentTargetsInParallel = 1;
				LastSwiftUpdateCheck = 1520;
				LastUpgradeCheck = 1520;
				TargetAttributes = {
					FB34889E2B91BE7E00C604E5 = {
						CreatedOnToolsVersion = 15.2;
					};
				};
			};
			buildConfigurationList = FB34889A2B91BE7E00C604E5 /* Build configuration list for PBXProject "Github Rest APi" */;
			compatibilityVersion = "Xcode 14.0";
			developmentRegion = en;
			hasScannedForEncodings = 0;
			knownRegions = (
				en,
				Base,
			);
			mainGroup = FB3488962B91BE7E00C604E5;
			productRefGroup = FB3488A02B91BE7E00C604E5 /* Products */;
			projectDirPath = "";
			projectRoot = "";
			targets = (
				FB34889E2B91BE7E00C604E5 /* Github Rest APi */,
			);
		};
/* End PBXProject section */

/* Begin PBXResourcesBuildPhase section */
		FB34889D2B91BE7E00C604E5 /* Resources */ = {
			isa = PBXResourcesBuildPhase;
			buildActionMask = 2147483647;
			files = (
				FB3488DE2B91E96000C604E5 /* UserProfileViewController.xib in Resources */,
				FB3488B22B91BE7F00C604E5 /* LaunchScreen.storyboard in Resources */,
				FB3488AF2B91BE7F00C604E5 /* Assets.xcassets in Resources */,
				FB3488AA2B91BE7E00C604E5 /* Main.storyboard in Resources */,
				FB3488D62B91D9B500C604E5 /* SignInWithPasswordViewController.xib in Resources */,
			);
			runOnlyForDeploymentPostprocessing = 0;
		};
/* End PBXResourcesBuildPhase section */

/* Begin PBXSourcesBuildPhase section */
		FB34889B2B91BE7E00C604E5 /* Sources */ = {
			isa = PBXSourcesBuildPhase;
			buildActionMask = 2147483647;
			files = (
				FB3488BE2B91BF1A00C604E5 /* Network.swift in Sources */,
				FB3488DD2B91E96000C604E5 /* UserProfileViewController.swift in Sources */,
				FB3488C22B91BF3B00C604E5 /* Debug.swift in Sources */,
				FB3488A72B91BE7E00C604E5 /* ViewController.swift in Sources */,
				FB3488AD2B91BE7E00C604E5 /* Github_Rest_APi.xcdatamodeld in Sources */,
				FB3488DA2B91DE2200C604E5 /* APIConstant.swift in Sources */,
				FB3488D52B91D9B500C604E5 /* SignInWithPasswordViewController.swift in Sources */,
				FB3488A32B91BE7E00C604E5 /* AppDelegate.swift in Sources */,
				FB3488D82B91DD3C00C604E5 /* GithubModel.swift in Sources */,
				FB3488D22B91C73E00C604E5 /* UIColorHex.swift in Sources */,
				FB3488A52B91BE7E00C604E5 /* SceneDelegate.swift in Sources */,
				FB3488E02B91F2A500C604E5 /* UIImage+Extenstion.swift in Sources */,
				FB3488C52B91BF5F00C604E5 /* AlerUser.swift in Sources */,
			);
			runOnlyForDeploymentPostprocessing = 0;
		};
/* End PBXSourcesBuildPhase section */

/* Begin PBXVariantGroup section */
		FB3488A82B91BE7E00C604E5 /* Main.storyboard */ = {
			isa = PBXVariantGroup;
			children = (
				FB3488A92B91BE7E00C604E5 /* Base */,
			);
			name = Main.storyboard;
			sourceTree = "<group>";
		};
		FB3488B02B91BE7F00C604E5 /* LaunchScreen.storyboard */ = {
			isa = PBXVariantGroup;
			children = (
				FB3488B12B91BE7F00C604E5 /* Base */,
			);
			name = LaunchScreen.storyboard;
			sourceTree = "<group>";
		};
/* End PBXVariantGroup section */

/* Begin XCBuildConfiguration section */
		FB3488B42B91BE7F00C604E5 /* Debug */ = {
			isa = XCBuildConfiguration;
			buildSettings = {
				ALWAYS_SEARCH_USER_PATHS = NO;
				ASSETCATALOG_COMPILER_GENERATE_SWIFT_ASSET_SYMBOL_EXTENSIONS = YES;
				CLANG_ANALYZER_NONNULL = YES;
				CLANG_ANALYZER_NUMBER_OBJECT_CONVERSION = YES_AGGRESSIVE;
				CLANG_CXX_LANGUAGE_STANDARD = "gnu++20";
				CLANG_ENABLE_MODULES = YES;
				CLANG_ENABLE_OBJC_ARC = YES;
				CLANG_ENABLE_OBJC_WEAK = YES;
				CLANG_WARN_BLOCK_CAPTURE_AUTORELEASING = YES;
				CLANG_WARN_BOOL_CONVERSION = YES;
				CLANG_WARN_COMMA = YES;
				CLANG_WARN_CONSTANT_CONVERSION = YES;
				CLANG_WARN_DEPRECATED_OBJC_IMPLEMENTATIONS = YES;
				CLANG_WARN_DIRECT_OBJC_ISA_USAGE = YES_ERROR;
				CLANG_WARN_DOCUMENTATION_COMMENTS = YES;
				CLANG_WARN_EMPTY_BODY = YES;
				CLANG_WARN_ENUM_CONVERSION = YES;
				CLANG_WARN_INFINITE_RECURSION = YES;
				CLANG_WARN_INT_CONVERSION = YES;
				CLANG_WARN_NON_LITERAL_NULL_CONVERSION = YES;
				CLANG_WARN_OBJC_IMPLICIT_RETAIN_SELF = YES;
				CLANG_WARN_OBJC_LITERAL_CONVERSION = YES;
				CLANG_WARN_OBJC_ROOT_CLASS = YES_ERROR;
				CLANG_WARN_QUOTED_INCLUDE_IN_FRAMEWORK_HEADER = YES;
				CLANG_WARN_RANGE_LOOP_ANALYSIS = YES;
				CLANG_WARN_STRICT_PROTOTYPES = YES;
				CLANG_WARN_SUSPICIOUS_MOVE = YES;
				CLANG_WARN_UNGUARDED_AVAILABILITY = YES_AGGRESSIVE;
				CLANG_WARN_UNREACHABLE_CODE = YES;
				CLANG_WARN__DUPLICATE_METHOD_MATCH = YES;
				COPY_PHASE_STRIP = NO;
				DEBUG_INFORMATION_FORMAT = dwarf;
				ENABLE_STRICT_OBJC_MSGSEND = YES;
				ENABLE_TESTABILITY = YES;
				ENABLE_USER_SCRIPT_SANDBOXING = YES;
				GCC_C_LANGUAGE_STANDARD = gnu17;
				GCC_DYNAMIC_NO_PIC = NO;
				GCC_NO_COMMON_BLOCKS = YES;
				GCC_OPTIMIZATION_LEVEL = 0;
				GCC_PREPROCESSOR_DEFINITIONS = (
					"DEBUG=1",
					"$(inherited)",
				);
				GCC_WARN_64_TO_32_BIT_CONVERSION = YES;
				GCC_WARN_ABOUT_RETURN_TYPE = YES_ERROR;
				GCC_WARN_UNDECLARED_SELECTOR = YES;
				GCC_WARN_UNINITIALIZED_AUTOS = YES_AGGRESSIVE;
				GCC_WARN_UNUSED_FUNCTION = YES;
				GCC_WARN_UNUSED_VARIABLE = YES;
				IPHONEOS_DEPLOYMENT_TARGET = 17.2;
				LOCALIZATION_PREFERS_STRING_CATALOGS = YES;
				MTL_ENABLE_DEBUG_INFO = INCLUDE_SOURCE;
				MTL_FAST_MATH = YES;
				ONLY_ACTIVE_ARCH = YES;
				SDKROOT = iphoneos;
				SWIFT_ACTIVE_COMPILATION_CONDITIONS = "DEBUG $(inherited)";
				SWIFT_OPTIMIZATION_LEVEL = "-Onone";
			};
			name = Debug;
		};
		FB3488B52B91BE7F00C604E5 /* Release */ = {
			isa = XCBuildConfiguration;
			buildSettings = {
				ALWAYS_SEARCH_USER_PATHS = NO;
				ASSETCATALOG_COMPILER_GENERATE_SWIFT_ASSET_SYMBOL_EXTENSIONS = YES;
				CLANG_ANALYZER_NONNULL = YES;
				CLANG_ANALYZER_NUMBER_OBJECT_CONVERSION = YES_AGGRESSIVE;
				CLANG_CXX_LANGUAGE_STANDARD = "gnu++20";
				CLANG_ENABLE_MODULES = YES;
				CLANG_ENABLE_OBJC_ARC = YES;
				CLANG_ENABLE_OBJC_WEAK = YES;
				CLANG_WARN_BLOCK_CAPTURE_AUTORELEASING = YES;
				CLANG_WARN_BOOL_CONVERSION = YES;
				CLANG_WARN_COMMA = YES;
				CLANG_WARN_CONSTANT_CONVERSION = YES;
				CLANG_WARN_DEPRECATED_OBJC_IMPLEMENTATIONS = YES;
				CLANG_WARN_DIRECT_OBJC_ISA_USAGE = YES_ERROR;
				CLANG_WARN_DOCUMENTATION_COMMENTS = YES;
				CLANG_WARN_EMPTY_BODY = YES;
				CLANG_WARN_ENUM_CONVERSION = YES;
				CLANG_WARN_INFINITE_RECURSION = YES;
				CLANG_WARN_INT_CONVERSION = YES;
				CLANG_WARN_NON_LITERAL_NULL_CONVERSION = YES;
				CLANG_WARN_OBJC_IMPLICIT_RETAIN_SELF = YES;
				CLANG_WARN_OBJC_LITERAL_CONVERSION = YES;
				CLANG_WARN_OBJC_ROOT_CLASS = YES_ERROR;
				CLANG_WARN_QUOTED_INCLUDE_IN_FRAMEWORK_HEADER = YES;
				CLANG_WARN_RANGE_LOOP_ANALYSIS = YES;
				CLANG_WARN_STRICT_PROTOTYPES = YES;
				CLANG_WARN_SUSPICIOUS_MOVE = YES;
				CLANG_WARN_UNGUARDED_AVAILABILITY = YES_AGGRESSIVE;
				CLANG_WARN_UNREACHABLE_CODE = YES;
				CLANG_WARN__DUPLICATE_METHOD_MATCH = YES;
				COPY_PHASE_STRIP = NO;
				DEBUG_INFORMATION_FORMAT = "dwarf-with-dsym";
				ENABLE_NS_ASSERTIONS = NO;
				ENABLE_STRICT_OBJC_MSGSEND = YES;
				ENABLE_USER_SCRIPT_SANDBOXING = YES;
				GCC_C_LANGUAGE_STANDARD = gnu17;
				GCC_NO_COMMON_BLOCKS = YES;
				GCC_WARN_64_TO_32_BIT_CONVERSION = YES;
				GCC_WARN_ABOUT_RETURN_TYPE = YES_ERROR;
				GCC_WARN_UNDECLARED_SELECTOR = YES;
				GCC_WARN_UNINITIALIZED_AUTOS = YES_AGGRESSIVE;
				GCC_WARN_UNUSED_FUNCTION = YES;
				GCC_WARN_UNUSED_VARIABLE = YES;
				IPHONEOS_DEPLOYMENT_TARGET = 17.2;
				LOCALIZATION_PREFERS_STRING_CATALOGS = YES;
				MTL_ENABLE_DEBUG_INFO = NO;
				MTL_FAST_MATH = YES;
				SDKROOT = iphoneos;
				SWIFT_COMPILATION_MODE = wholemodule;
				VALIDATE_PRODUCT = YES;
			};
			name = Release;
		};
		FB3488B72B91BE7F00C604E5 /* Debug */ = {
			isa = XCBuildConfiguration;
			buildSettings = {
				ASSETCATALOG_COMPILER_APPICON_NAME = AppIcon;
				ASSETCATALOG_COMPILER_GLOBAL_ACCENT_COLOR_NAME = AccentColor;
				CODE_SIGN_STYLE = Automatic;
				CURRENT_PROJECT_VERSION = 1;
				GENERATE_INFOPLIST_FILE = YES;
				INFOPLIST_FILE = "Github Rest APi/Resources/Info.plist";
				INFOPLIST_KEY_UIApplicationSupportsIndirectInputEvents = YES;
				INFOPLIST_KEY_UILaunchStoryboardName = LaunchScreen;
				INFOPLIST_KEY_UIMainStoryboardFile = Main;
				INFOPLIST_KEY_UISupportedInterfaceOrientations_iPad = "UIInterfaceOrientationPortrait UIInterfaceOrientationPortraitUpsideDown UIInterfaceOrientationLandscapeLeft UIInterfaceOrientationLandscapeRight";
				INFOPLIST_KEY_UISupportedInterfaceOrientations_iPhone = "UIInterfaceOrientationPortrait UIInterfaceOrientationLandscapeLeft UIInterfaceOrientationLandscapeRight";
				LD_RUNPATH_SEARCH_PATHS = (
					"$(inherited)",
					"@executable_path/Frameworks",
				);
				MARKETING_VERSION = 1.0;
				PRODUCT_BUNDLE_IDENTIFIER = "stackgeeks.Github-Rest-APi";
				PRODUCT_NAME = "$(TARGET_NAME)";
				SWIFT_EMIT_LOC_STRINGS = YES;
				SWIFT_VERSION = 5.0;
				TARGETED_DEVICE_FAMILY = "1,2";
			};
			name = Debug;
		};
		FB3488B82B91BE7F00C604E5 /* Release */ = {
			isa = XCBuildConfiguration;
			buildSettings = {
				ASSETCATALOG_COMPILER_APPICON_NAME = AppIcon;
				ASSETCATALOG_COMPILER_GLOBAL_ACCENT_COLOR_NAME = AccentColor;
				CODE_SIGN_STYLE = Automatic;
				CURRENT_PROJECT_VERSION = 1;
				GENERATE_INFOPLIST_FILE = YES;
				INFOPLIST_FILE = "Github Rest APi/Resources/Info.plist";
				INFOPLIST_KEY_UIApplicationSupportsIndirectInputEvents = YES;
				INFOPLIST_KEY_UILaunchStoryboardName = LaunchScreen;
				INFOPLIST_KEY_UIMainStoryboardFile = Main;
				INFOPLIST_KEY_UISupportedInterfaceOrientations_iPad = "UIInterfaceOrientationPortrait UIInterfaceOrientationPortraitUpsideDown UIInterfaceOrientationLandscapeLeft UIInterfaceOrientationLandscapeRight";
				INFOPLIST_KEY_UISupportedInterfaceOrientations_iPhone = "UIInterfaceOrientationPortrait UIInterfaceOrientationLandscapeLeft UIInterfaceOrientationLandscapeRight";
				LD_RUNPATH_SEARCH_PATHS = (
					"$(inherited)",
					"@executable_path/Frameworks",
				);
				MARKETING_VERSION = 1.0;
				PRODUCT_BUNDLE_IDENTIFIER = "stackgeeks.Github-Rest-APi";
				PRODUCT_NAME = "$(TARGET_NAME)";
				SWIFT_EMIT_LOC_STRINGS = YES;
				SWIFT_VERSION = 5.0;
				TARGETED_DEVICE_FAMILY = "1,2";
			};
			name = Release;
		};
/* End XCBuildConfiguration section */

/* Begin XCConfigurationList section */
		FB34889A2B91BE7E00C604E5 /* Build configuration list for PBXProject "Github Rest APi" */ = {
			isa = XCConfigurationList;
			buildConfigurations = (
				FB3488B42B91BE7F00C604E5 /* Debug */,
				FB3488B52B91BE7F00C604E5 /* Release */,
			);
			defaultConfigurationIsVisible = 0;
			defaultConfigurationName = Release;
		};
		FB3488B62B91BE7F00C604E5 /* Build configuration list for PBXNativeTarget "Github Rest APi" */ = {
			isa = XCConfigurationList;
			buildConfigurations = (
				FB3488B72B91BE7F00C604E5 /* Debug */,
				FB3488B82B91BE7F00C604E5 /* Release */,
			);
			defaultConfigurationIsVisible = 0;
			defaultConfigurationName = Release;
		};
/* End XCConfigurationList section */

/* Begin XCVersionGroup section */
		FB3488AB2B91BE7E00C604E5 /* Github_Rest_APi.xcdatamodeld */ = {
			isa = XCVersionGroup;
			children = (
				FB3488AC2B91BE7E00C604E5 /* Github_Rest_APi.xcdatamodel */,
			);
			currentVersion = FB3488AC2B91BE7E00C604E5 /* Github_Rest_APi.xcdatamodel */;
			path = Github_Rest_APi.xcdatamodeld;
			sourceTree = "<group>";
			versionGroupType = wrapper.xcdatamodel;
		};
/* End XCVersionGroup section */
	};
	rootObject = FB3488972B91BE7E00C604E5 /* Project object */;
}
